// !$*UTF8*$!
{
	archiveVersion = 1;
	classes = {
	};
	objectVersion = 51;
	objects = {

/* Begin PBXBuildFile section */
		029906064202AD5352F3B3DE /* GuestPresenterType.swift in Sources */ = {isa = PBXBuildFile; fileRef = 3922E0796F18451E22994D2A /* GuestPresenterType.swift */; };
		03502D002BEC3D9C088BA9CF /* HomePresenter.swift in Sources */ = {isa = PBXBuildFile; fileRef = A35CE60A9AADC296945E7F4F /* HomePresenter.swift */; };
		0AF88A060B445D135E40F906 /* GuestNavigator.swift in Sources */ = {isa = PBXBuildFile; fileRef = 7AB6B06CFDB05E7CF9D848FA /* GuestNavigator.swift */; };
		148D4A5B57DC5D24A0844C10 /* GuestViewType.swift in Sources */ = {isa = PBXBuildFile; fileRef = 704F2F4C5C28BF575E05E4E7 /* GuestViewType.swift */; };
		19BF729C3114790C5F9BBE1A /* HomePresenterType.swift in Sources */ = {isa = PBXBuildFile; fileRef = 0E3C924CCC60D010EAFDB8C5 /* HomePresenterType.swift */; };
		4216B7514A47D49ED09391F4 /* GuestAssembly.swift in Sources */ = {isa = PBXBuildFile; fileRef = E5A28E752CFEF4833F552500 /* GuestAssembly.swift */; };
		60CD004877BE1C4B3871EABF /* GuestPresenter.swift in Sources */ = {isa = PBXBuildFile; fileRef = A1AD97D9D050F263A8782D2E /* GuestPresenter.swift */; };
		704B22F7236036560024C592 /* BaseViewController.swift in Sources */ = {isa = PBXBuildFile; fileRef = 704B22F6236036560024C592 /* BaseViewController.swift */; };
		704B22F9236047BB0024C592 /* AppService.swift in Sources */ = {isa = PBXBuildFile; fileRef = 704B22F8236047BB0024C592 /* AppService.swift */; };
		704B22FB23604CE10024C592 /* HomeView.swift in Sources */ = {isa = PBXBuildFile; fileRef = 704B22FA23604CE10024C592 /* HomeView.swift */; };
		704B22FD23604E3B0024C592 /* BaseView.swift in Sources */ = {isa = PBXBuildFile; fileRef = 704B22FC23604E3B0024C592 /* BaseView.swift */; };
		704B230023604EAE0024C592 /* PostCell.swift in Sources */ = {isa = PBXBuildFile; fileRef = 704B22FF23604EAE0024C592 /* PostCell.swift */; };
		704B230323604EFE0024C592 /* Configurable.swift in Sources */ = {isa = PBXBuildFile; fileRef = 704B230223604EFE0024C592 /* Configurable.swift */; };
		704B230523604F1F0024C592 /* BaseTableViewCell.swift in Sources */ = {isa = PBXBuildFile; fileRef = 704B230423604F1F0024C592 /* BaseTableViewCell.swift */; };
		704B23072361C9590024C592 /* FormatterExtension.swift in Sources */ = {isa = PBXBuildFile; fileRef = 704B23062361C9590024C592 /* FormatterExtension.swift */; };
		704B23092361C9B10024C592 /* DateExtension.swift in Sources */ = {isa = PBXBuildFile; fileRef = 704B23082361C9B10024C592 /* DateExtension.swift */; };
		705069C7236C15B000EEB09A /* StorageService.swift in Sources */ = {isa = PBXBuildFile; fileRef = 705069C6236C15B000EEB09A /* StorageService.swift */; };
		7054C7F4234B734300C36BD3 /* UITextFieldExtension.swift in Sources */ = {isa = PBXBuildFile; fileRef = 7054C7F3234B734300C36BD3 /* UITextFieldExtension.swift */; };
		7054C7F7234B77CF00C36BD3 /* UserService.swift in Sources */ = {isa = PBXBuildFile; fileRef = 7054C7F6234B77CF00C36BD3 /* UserService.swift */; };
		7054C7F9234B7BD900C36BD3 /* Settings.swift in Sources */ = {isa = PBXBuildFile; fileRef = 7054C7F8234B7BD900C36BD3 /* Settings.swift */; };
		7056A2522358641A000CEAD7 /* User.swift in Sources */ = {isa = PBXBuildFile; fileRef = 7056A2512358641A000CEAD7 /* User.swift */; };
		7056A25523588BA1000CEAD7 /* PostProvider.swift in Sources */ = {isa = PBXBuildFile; fileRef = 7056A25423588BA1000CEAD7 /* PostProvider.swift */; };
		7056A25723588C01000CEAD7 /* Post.swift in Sources */ = {isa = PBXBuildFile; fileRef = 7056A25623588C01000CEAD7 /* Post.swift */; };
		7056A25A23588E64000CEAD7 /* BaseProvider.swift in Sources */ = {isa = PBXBuildFile; fileRef = 7056A25923588E64000CEAD7 /* BaseProvider.swift */; };
		7056A25C2358A1A5000CEAD7 /* ProvidersAssembly.swift in Sources */ = {isa = PBXBuildFile; fileRef = 7056A25B2358A1A5000CEAD7 /* ProvidersAssembly.swift */; };
		7056A25E2358A46C000CEAD7 /* PostService.swift in Sources */ = {isa = PBXBuildFile; fileRef = 7056A25D2358A46C000CEAD7 /* PostService.swift */; };
		706D4B0822F198D500386534 /* GoogleApplicationService.swift in Sources */ = {isa = PBXBuildFile; fileRef = 706D4B0722F198D500386534 /* GoogleApplicationService.swift */; };
		706D4B0A22F1990500386534 /* RootApplicationService.swift in Sources */ = {isa = PBXBuildFile; fileRef = 706D4B0922F1990500386534 /* RootApplicationService.swift */; };
		706D4B0D22F1B70E00386534 /* Navigator.swift in Sources */ = {isa = PBXBuildFile; fileRef = 706D4B0C22F1B70E00386534 /* Navigator.swift */; };
		706D4B0F22F1B7D400386534 /* GuestView.swift in Sources */ = {isa = PBXBuildFile; fileRef = 706D4B0E22F1B7D400386534 /* GuestView.swift */; };
		706D4B1322F1B93500386534 /* MPRoundedButton.swift in Sources */ = {isa = PBXBuildFile; fileRef = 706D4B1222F1B93500386534 /* MPRoundedButton.swift */; };
		706D4B1622F1C38200386534 /* UIColor+Additions.swift in Sources */ = {isa = PBXBuildFile; fileRef = 706D4B1522F1C38200386534 /* UIColor+Additions.swift */; };
		7071211A2354B0C60014AFC3 /* ServicesAssembly.swift in Sources */ = {isa = PBXBuildFile; fileRef = 707121192354B0C60014AFC3 /* ServicesAssembly.swift */; };
		709307DA22F02D8D007CB902 /* AppDelegate.swift in Sources */ = {isa = PBXBuildFile; fileRef = 709307D922F02D8D007CB902 /* AppDelegate.swift */; };
		709307E122F02D8F007CB902 /* Assets.xcassets in Resources */ = {isa = PBXBuildFile; fileRef = 709307E022F02D8F007CB902 /* Assets.xcassets */; };
		709307E422F02D8F007CB902 /* LaunchScreen.storyboard in Resources */ = {isa = PBXBuildFile; fileRef = 709307E222F02D8F007CB902 /* LaunchScreen.storyboard */; };
		709307ED22F02DBA007CB902 /* GoogleService-Info.plist in Resources */ = {isa = PBXBuildFile; fileRef = 709307EC22F02DB9007CB902 /* GoogleService-Info.plist */; };
		70EFDB6123546C35007C4AED /* UIImageExtension.swift in Sources */ = {isa = PBXBuildFile; fileRef = 70EFDB6023546C35007C4AED /* UIImageExtension.swift */; };
		70F37CCC22F1D33900C5D482 /* Localizable.strings in Resources */ = {isa = PBXBuildFile; fileRef = 70F37CCE22F1D33900C5D482 /* Localizable.strings */; };
		70F37CD222F1D38900C5D482 /* StringExtension.swift in Sources */ = {isa = PBXBuildFile; fileRef = 70F37CD122F1D38900C5D482 /* StringExtension.swift */; };
		8EE20FEF79C9E7E9D3C72AE2 /* HomeAssembly.swift in Sources */ = {isa = PBXBuildFile; fileRef = EBB72AA15E691E95188136E7 /* HomeAssembly.swift */; };
		93D0F95A9B41A860C501BE42 /* GuestViewController.swift in Sources */ = {isa = PBXBuildFile; fileRef = CE8EED307FAA6D475198164B /* GuestViewController.swift */; };
		A1E2B94FFB5AA3F488E47CE1 /* HomeViewType.swift in Sources */ = {isa = PBXBuildFile; fileRef = 278B66E13BD53CDE52F79634 /* HomeViewType.swift */; };
		BD4081FC1B98513FAFB4BD99 /* Pods_Avitogram.framework in Frameworks */ = {isa = PBXBuildFile; fileRef = 42D8D13766C19A866BA180B6 /* Pods_Avitogram.framework */; };
		BF252A0C73BDED53FA6E12E1 /* HomeNavigator.swift in Sources */ = {isa = PBXBuildFile; fileRef = D6B4381C340A37B95941F94D /* HomeNavigator.swift */; };
		C361F6E6996E61797E466C10 /* HomeViewController.swift in Sources */ = {isa = PBXBuildFile; fileRef = 91DBA0C807689EA6DC2A178B /* HomeViewController.swift */; };
/* End PBXBuildFile section */

/* Begin PBXFileReference section */
		0E3C924CCC60D010EAFDB8C5 /* HomePresenterType.swift */ = {isa = PBXFileReference; includeInIndex = 1; lastKnownFileType = sourcecode.swift; path = HomePresenterType.swift; sourceTree = "<group>"; };
		278B66E13BD53CDE52F79634 /* HomeViewType.swift */ = {isa = PBXFileReference; includeInIndex = 1; lastKnownFileType = sourcecode.swift; path = HomeViewType.swift; sourceTree = "<group>"; };
		32721E6679C119FE86C7A20C /* Pods-Avitogram.release.xcconfig */ = {isa = PBXFileReference; includeInIndex = 1; lastKnownFileType = text.xcconfig; name = "Pods-Avitogram.release.xcconfig"; path = "Target Support Files/Pods-Avitogram/Pods-Avitogram.release.xcconfig"; sourceTree = "<group>"; };
		3922E0796F18451E22994D2A /* GuestPresenterType.swift */ = {isa = PBXFileReference; includeInIndex = 1; lastKnownFileType = sourcecode.swift; path = GuestPresenterType.swift; sourceTree = "<group>"; };
		42D8D13766C19A866BA180B6 /* Pods_Avitogram.framework */ = {isa = PBXFileReference; explicitFileType = wrapper.framework; includeInIndex = 0; path = Pods_Avitogram.framework; sourceTree = BUILT_PRODUCTS_DIR; };
		704B22F6236036560024C592 /* BaseViewController.swift */ = {isa = PBXFileReference; lastKnownFileType = sourcecode.swift; path = BaseViewController.swift; sourceTree = "<group>"; };
		704B22F8236047BB0024C592 /* AppService.swift */ = {isa = PBXFileReference; lastKnownFileType = sourcecode.swift; path = AppService.swift; sourceTree = "<group>"; };
		704B22FA23604CE10024C592 /* HomeView.swift */ = {isa = PBXFileReference; lastKnownFileType = sourcecode.swift; path = HomeView.swift; sourceTree = "<group>"; };
		704B22FC23604E3B0024C592 /* BaseView.swift */ = {isa = PBXFileReference; lastKnownFileType = sourcecode.swift; path = BaseView.swift; sourceTree = "<group>"; };
		704B22FF23604EAE0024C592 /* PostCell.swift */ = {isa = PBXFileReference; lastKnownFileType = sourcecode.swift; path = PostCell.swift; sourceTree = "<group>"; };
		704B230223604EFE0024C592 /* Configurable.swift */ = {isa = PBXFileReference; lastKnownFileType = sourcecode.swift; path = Configurable.swift; sourceTree = "<group>"; };
		704B230423604F1F0024C592 /* BaseTableViewCell.swift */ = {isa = PBXFileReference; lastKnownFileType = sourcecode.swift; path = BaseTableViewCell.swift; sourceTree = "<group>"; };
		704B23062361C9590024C592 /* FormatterExtension.swift */ = {isa = PBXFileReference; lastKnownFileType = sourcecode.swift; path = FormatterExtension.swift; sourceTree = "<group>"; };
		704B23082361C9B10024C592 /* DateExtension.swift */ = {isa = PBXFileReference; lastKnownFileType = sourcecode.swift; path = DateExtension.swift; sourceTree = "<group>"; };
		704F2F4C5C28BF575E05E4E7 /* GuestViewType.swift */ = {isa = PBXFileReference; includeInIndex = 1; lastKnownFileType = sourcecode.swift; path = GuestViewType.swift; sourceTree = "<group>"; };
		705069C6236C15B000EEB09A /* StorageService.swift */ = {isa = PBXFileReference; lastKnownFileType = sourcecode.swift; path = StorageService.swift; sourceTree = "<group>"; };
		7054C7F3234B734300C36BD3 /* UITextFieldExtension.swift */ = {isa = PBXFileReference; lastKnownFileType = sourcecode.swift; path = UITextFieldExtension.swift; sourceTree = "<group>"; };
		7054C7F6234B77CF00C36BD3 /* UserService.swift */ = {isa = PBXFileReference; lastKnownFileType = sourcecode.swift; path = UserService.swift; sourceTree = "<group>"; };
		7054C7F8234B7BD900C36BD3 /* Settings.swift */ = {isa = PBXFileReference; lastKnownFileType = sourcecode.swift; path = Settings.swift; sourceTree = "<group>"; };
		7056A2512358641A000CEAD7 /* User.swift */ = {isa = PBXFileReference; lastKnownFileType = sourcecode.swift; path = User.swift; sourceTree = "<group>"; };
		7056A25423588BA1000CEAD7 /* PostProvider.swift */ = {isa = PBXFileReference; lastKnownFileType = sourcecode.swift; path = PostProvider.swift; sourceTree = "<group>"; };
		7056A25623588C01000CEAD7 /* Post.swift */ = {isa = PBXFileReference; lastKnownFileType = sourcecode.swift; path = Post.swift; sourceTree = "<group>"; };
		7056A25923588E64000CEAD7 /* BaseProvider.swift */ = {isa = PBXFileReference; lastKnownFileType = sourcecode.swift; path = BaseProvider.swift; sourceTree = "<group>"; };
		7056A25B2358A1A5000CEAD7 /* ProvidersAssembly.swift */ = {isa = PBXFileReference; lastKnownFileType = sourcecode.swift; path = ProvidersAssembly.swift; sourceTree = "<group>"; };
		7056A25D2358A46C000CEAD7 /* PostService.swift */ = {isa = PBXFileReference; lastKnownFileType = sourcecode.swift; path = PostService.swift; sourceTree = "<group>"; };
		706D4B0722F198D500386534 /* GoogleApplicationService.swift */ = {isa = PBXFileReference; fileEncoding = 4; lastKnownFileType = sourcecode.swift; path = GoogleApplicationService.swift; sourceTree = "<group>"; };
		706D4B0922F1990500386534 /* RootApplicationService.swift */ = {isa = PBXFileReference; fileEncoding = 4; lastKnownFileType = sourcecode.swift; path = RootApplicationService.swift; sourceTree = "<group>"; };
		706D4B0C22F1B70E00386534 /* Navigator.swift */ = {isa = PBXFileReference; lastKnownFileType = sourcecode.swift; path = Navigator.swift; sourceTree = "<group>"; };
		706D4B0E22F1B7D400386534 /* GuestView.swift */ = {isa = PBXFileReference; lastKnownFileType = sourcecode.swift; path = GuestView.swift; sourceTree = "<group>"; };
		706D4B1222F1B93500386534 /* MPRoundedButton.swift */ = {isa = PBXFileReference; lastKnownFileType = sourcecode.swift; path = MPRoundedButton.swift; sourceTree = "<group>"; };
		706D4B1522F1C38200386534 /* UIColor+Additions.swift */ = {isa = PBXFileReference; lastKnownFileType = sourcecode.swift; path = "UIColor+Additions.swift"; sourceTree = "<group>"; };
		707121192354B0C60014AFC3 /* ServicesAssembly.swift */ = {isa = PBXFileReference; lastKnownFileType = sourcecode.swift; path = ServicesAssembly.swift; sourceTree = "<group>"; };
		709307D622F02D8D007CB902 /* Avitogram.app */ = {isa = PBXFileReference; explicitFileType = wrapper.application; includeInIndex = 0; path = Avitogram.app; sourceTree = BUILT_PRODUCTS_DIR; };
		709307D922F02D8D007CB902 /* AppDelegate.swift */ = {isa = PBXFileReference; lastKnownFileType = sourcecode.swift; path = AppDelegate.swift; sourceTree = "<group>"; };
		709307E022F02D8F007CB902 /* Assets.xcassets */ = {isa = PBXFileReference; lastKnownFileType = folder.assetcatalog; path = Assets.xcassets; sourceTree = "<group>"; };
		709307E322F02D8F007CB902 /* Base */ = {isa = PBXFileReference; lastKnownFileType = file.storyboard; name = Base; path = Base.lproj/LaunchScreen.storyboard; sourceTree = "<group>"; };
		709307E522F02D8F007CB902 /* Info.plist */ = {isa = PBXFileReference; lastKnownFileType = text.plist.xml; path = Info.plist; sourceTree = "<group>"; };
		709307EC22F02DB9007CB902 /* GoogleService-Info.plist */ = {isa = PBXFileReference; fileEncoding = 4; lastKnownFileType = text.plist.xml; path = "GoogleService-Info.plist"; sourceTree = "<group>"; };
		70EFDB6023546C35007C4AED /* UIImageExtension.swift */ = {isa = PBXFileReference; lastKnownFileType = sourcecode.swift; path = UIImageExtension.swift; sourceTree = "<group>"; };
		70F37CCD22F1D33900C5D482 /* en */ = {isa = PBXFileReference; lastKnownFileType = text.plist.strings; name = en; path = en.lproj/Localizable.strings; sourceTree = "<group>"; };
		70F37CCF22F1D35300C5D482 /* ru */ = {isa = PBXFileReference; lastKnownFileType = text.plist.strings; name = ru; path = ru.lproj/LaunchScreen.strings; sourceTree = "<group>"; };
		70F37CD022F1D35300C5D482 /* ru */ = {isa = PBXFileReference; lastKnownFileType = text.plist.strings; name = ru; path = ru.lproj/Localizable.strings; sourceTree = "<group>"; };
		70F37CD122F1D38900C5D482 /* StringExtension.swift */ = {isa = PBXFileReference; lastKnownFileType = sourcecode.swift; path = StringExtension.swift; sourceTree = "<group>"; };
		7AB6B06CFDB05E7CF9D848FA /* GuestNavigator.swift */ = {isa = PBXFileReference; includeInIndex = 1; lastKnownFileType = sourcecode.swift; path = GuestNavigator.swift; sourceTree = "<group>"; };
		91DBA0C807689EA6DC2A178B /* HomeViewController.swift */ = {isa = PBXFileReference; includeInIndex = 1; lastKnownFileType = sourcecode.swift; path = HomeViewController.swift; sourceTree = "<group>"; };
		A1AD97D9D050F263A8782D2E /* GuestPresenter.swift */ = {isa = PBXFileReference; includeInIndex = 1; lastKnownFileType = sourcecode.swift; path = GuestPresenter.swift; sourceTree = "<group>"; };
		A35CE60A9AADC296945E7F4F /* HomePresenter.swift */ = {isa = PBXFileReference; includeInIndex = 1; lastKnownFileType = sourcecode.swift; path = HomePresenter.swift; sourceTree = "<group>"; };
		CE8EED307FAA6D475198164B /* GuestViewController.swift */ = {isa = PBXFileReference; includeInIndex = 1; lastKnownFileType = sourcecode.swift; path = GuestViewController.swift; sourceTree = "<group>"; };
		D6B4381C340A37B95941F94D /* HomeNavigator.swift */ = {isa = PBXFileReference; includeInIndex = 1; lastKnownFileType = sourcecode.swift; path = HomeNavigator.swift; sourceTree = "<group>"; };
		E5A28E752CFEF4833F552500 /* GuestAssembly.swift */ = {isa = PBXFileReference; includeInIndex = 1; lastKnownFileType = sourcecode.swift; path = GuestAssembly.swift; sourceTree = "<group>"; };
		E97151C0118D66931227CFDF /* Pods-Avitogram.debug.xcconfig */ = {isa = PBXFileReference; includeInIndex = 1; lastKnownFileType = text.xcconfig; name = "Pods-Avitogram.debug.xcconfig"; path = "Target Support Files/Pods-Avitogram/Pods-Avitogram.debug.xcconfig"; sourceTree = "<group>"; };
		EBB72AA15E691E95188136E7 /* HomeAssembly.swift */ = {isa = PBXFileReference; includeInIndex = 1; lastKnownFileType = sourcecode.swift; path = HomeAssembly.swift; sourceTree = "<group>"; };
/* End PBXFileReference section */

/* Begin PBXFrameworksBuildPhase section */
		709307D322F02D8D007CB902 /* Frameworks */ = {
			isa = PBXFrameworksBuildPhase;
			buildActionMask = 2147483647;
			files = (
				BD4081FC1B98513FAFB4BD99 /* Pods_Avitogram.framework in Frameworks */,
			);
			runOnlyForDeploymentPostprocessing = 0;
		};
/* End PBXFrameworksBuildPhase section */

/* Begin PBXGroup section */
		2501C54DCACE0A97FDA3888D /* Pods */ = {
			isa = PBXGroup;
			children = (
				E97151C0118D66931227CFDF /* Pods-Avitogram.debug.xcconfig */,
				32721E6679C119FE86C7A20C /* Pods-Avitogram.release.xcconfig */,
			);
			path = Pods;
			sourceTree = "<group>";
		};
		36CDB19BF5EE44DD89208CEB /* View */ = {
			isa = PBXGroup;
			children = (
				91DBA0C807689EA6DC2A178B /* HomeViewController.swift */,
				704B22FA23604CE10024C592 /* HomeView.swift */,
			);
			path = View;
			sourceTree = "<group>";
		};
		402E7268634B1F1A17661383 /* Protocols */ = {
			isa = PBXGroup;
			children = (
				278B66E13BD53CDE52F79634 /* HomeViewType.swift */,
				0E3C924CCC60D010EAFDB8C5 /* HomePresenterType.swift */,
			);
			path = Protocols;
			sourceTree = "<group>";
		};
		55C089BB788700371CAC12B6 /* Protocols */ = {
			isa = PBXGroup;
			children = (
				704F2F4C5C28BF575E05E4E7 /* GuestViewType.swift */,
				3922E0796F18451E22994D2A /* GuestPresenterType.swift */,
			);
			path = Protocols;
			sourceTree = "<group>";
		};
		704B22FE23604E9D0024C592 /* Cells */ = {
			isa = PBXGroup;
			children = (
				704B22FF23604EAE0024C592 /* PostCell.swift */,
			);
			path = Cells;
			sourceTree = "<group>";
		};
		704B230123604EF00024C592 /* Protocols */ = {
			isa = PBXGroup;
			children = (
				704B230223604EFE0024C592 /* Configurable.swift */,
			);
			path = Protocols;
			sourceTree = "<group>";
		};
		7054C7F5234B77A800C36BD3 /* Services */ = {
			isa = PBXGroup;
			children = (
				7054C7F6234B77CF00C36BD3 /* UserService.swift */,
				707121192354B0C60014AFC3 /* ServicesAssembly.swift */,
				7056A25D2358A46C000CEAD7 /* PostService.swift */,
				704B22F8236047BB0024C592 /* AppService.swift */,
				705069C6236C15B000EEB09A /* StorageService.swift */,
			);
			path = Services;
			sourceTree = "<group>";
		};
		7056A25023586404000CEAD7 /* Models */ = {
			isa = PBXGroup;
			children = (
				7056A2512358641A000CEAD7 /* User.swift */,
				7056A25623588C01000CEAD7 /* Post.swift */,
			);
			path = Models;
			sourceTree = "<group>";
		};
		7056A25323588B85000CEAD7 /* Providers */ = {
			isa = PBXGroup;
			children = (
				7056A25423588BA1000CEAD7 /* PostProvider.swift */,
				7056A25B2358A1A5000CEAD7 /* ProvidersAssembly.swift */,
			);
			path = Providers;
			sourceTree = "<group>";
		};
		7056A25823588E4D000CEAD7 /* BaseComponents */ = {
			isa = PBXGroup;
			children = (
				7056A25923588E64000CEAD7 /* BaseProvider.swift */,
				704B22F6236036560024C592 /* BaseViewController.swift */,
				704B22FC23604E3B0024C592 /* BaseView.swift */,
				704B230423604F1F0024C592 /* BaseTableViewCell.swift */,
			);
			path = BaseComponents;
			sourceTree = "<group>";
		};
		706D4B0622F1977600386534 /* Source */ = {
			isa = PBXGroup;
			children = (
				709307EB22F02DA8007CB902 /* Application */,
				706D4B1022F1B90F00386534 /* Components */,
				706D4B0B22F1B6E400386534 /* Core */,
				706D4B1422F1C36A00386534 /* Extensions */,
				7056A25023586404000CEAD7 /* Models */,
				9E193821BD2268546FC8DDE1 /* Modules */,
				7056A25323588B85000CEAD7 /* Providers */,
				7054C7F5234B77A800C36BD3 /* Services */,
			);
			path = Source;
			sourceTree = "<group>";
		};
		706D4B0B22F1B6E400386534 /* Core */ = {
			isa = PBXGroup;
			children = (
				706D4B0C22F1B70E00386534 /* Navigator.swift */,
				7054C7F8234B7BD900C36BD3 /* Settings.swift */,
			);
			path = Core;
			sourceTree = "<group>";
		};
		706D4B1022F1B90F00386534 /* Components */ = {
			isa = PBXGroup;
			children = (
				704B230123604EF00024C592 /* Protocols */,
				704B22FE23604E9D0024C592 /* Cells */,
				7056A25823588E4D000CEAD7 /* BaseComponents */,
				706D4B1122F1B91700386534 /* Buttons */,
			);
			path = Components;
			sourceTree = "<group>";
		};
		706D4B1122F1B91700386534 /* Buttons */ = {
			isa = PBXGroup;
			children = (
				706D4B1222F1B93500386534 /* MPRoundedButton.swift */,
			);
			path = Buttons;
			sourceTree = "<group>";
		};
		706D4B1422F1C36A00386534 /* Extensions */ = {
			isa = PBXGroup;
			children = (
				706D4B1522F1C38200386534 /* UIColor+Additions.swift */,
				70F37CD122F1D38900C5D482 /* StringExtension.swift */,
				7054C7F3234B734300C36BD3 /* UITextFieldExtension.swift */,
				70EFDB6023546C35007C4AED /* UIImageExtension.swift */,
				704B23062361C9590024C592 /* FormatterExtension.swift */,
				704B23082361C9B10024C592 /* DateExtension.swift */,
			);
			path = Extensions;
			sourceTree = "<group>";
		};
		709307CD22F02D8D007CB902 = {
			isa = PBXGroup;
			children = (
				709307D822F02D8D007CB902 /* Avitogram */,
				709307D722F02D8D007CB902 /* Products */,
				2501C54DCACE0A97FDA3888D /* Pods */,
				F7487B88A7A5F03807B85307 /* Frameworks */,
			);
			sourceTree = "<group>";
		};
		709307D722F02D8D007CB902 /* Products */ = {
			isa = PBXGroup;
			children = (
				709307D622F02D8D007CB902 /* Avitogram.app */,
			);
			name = Products;
			sourceTree = "<group>";
		};
		709307D822F02D8D007CB902 /* Avitogram */ = {
			isa = PBXGroup;
			children = (
				709307E022F02D8F007CB902 /* Assets.xcassets */,
				709307E222F02D8F007CB902 /* LaunchScreen.storyboard */,
				709307EC22F02DB9007CB902 /* GoogleService-Info.plist */,
				706D4B0622F1977600386534 /* Source */,
			);
			path = Avitogram;
			sourceTree = "<group>";
		};
		709307EB22F02DA8007CB902 /* Application */ = {
			isa = PBXGroup;
			children = (
				70A9E6D122F18CDF00803731 /* AppDelegateServices */,
				709307D922F02D8D007CB902 /* AppDelegate.swift */,
				709307E522F02D8F007CB902 /* Info.plist */,
				70F37CCE22F1D33900C5D482 /* Localizable.strings */,
			);
			path = Application;
			sourceTree = "<group>";
		};
		70A9E6D122F18CDF00803731 /* AppDelegateServices */ = {
			isa = PBXGroup;
			children = (
				706D4B0922F1990500386534 /* RootApplicationService.swift */,
				706D4B0722F198D500386534 /* GoogleApplicationService.swift */,
			);
			path = AppDelegateServices;
			sourceTree = "<group>";
		};
		87E83ACEF956DE3E17E87F62 /* Home */ = {
			isa = PBXGroup;
			children = (
				402E7268634B1F1A17661383 /* Protocols */,
				36CDB19BF5EE44DD89208CEB /* View */,
				A35CE60A9AADC296945E7F4F /* HomePresenter.swift */,
				D6B4381C340A37B95941F94D /* HomeNavigator.swift */,
				EBB72AA15E691E95188136E7 /* HomeAssembly.swift */,
			);
			path = Home;
			sourceTree = "<group>";
		};
		9E193821BD2268546FC8DDE1 /* Modules */ = {
			isa = PBXGroup;
			children = (
				F0276F4DA30EB7E5241AF639 /* Guest */,
				87E83ACEF956DE3E17E87F62 /* Home */,
			);
			path = Modules;
			sourceTree = "<group>";
		};
		B9591D7BA5D35FD0FCF7C75D /* View */ = {
			isa = PBXGroup;
			children = (
				CE8EED307FAA6D475198164B /* GuestViewController.swift */,
				706D4B0E22F1B7D400386534 /* GuestView.swift */,
			);
			path = View;
			sourceTree = "<group>";
		};
		F0276F4DA30EB7E5241AF639 /* Guest */ = {
			isa = PBXGroup;
			children = (
				55C089BB788700371CAC12B6 /* Protocols */,
				B9591D7BA5D35FD0FCF7C75D /* View */,
				A1AD97D9D050F263A8782D2E /* GuestPresenter.swift */,
				7AB6B06CFDB05E7CF9D848FA /* GuestNavigator.swift */,
				E5A28E752CFEF4833F552500 /* GuestAssembly.swift */,
			);
			path = Guest;
			sourceTree = "<group>";
		};
		F7487B88A7A5F03807B85307 /* Frameworks */ = {
			isa = PBXGroup;
			children = (
				42D8D13766C19A866BA180B6 /* Pods_Avitogram.framework */,
			);
			name = Frameworks;
			sourceTree = "<group>";
		};
/* End PBXGroup section */

/* Begin PBXNativeTarget section */
		709307D522F02D8D007CB902 /* Avitogram */ = {
			isa = PBXNativeTarget;
			buildConfigurationList = 709307E822F02D8F007CB902 /* Build configuration list for PBXNativeTarget "Avitogram" */;
			buildPhases = (
				F69451CAE483C0D0C79E87CE /* [CP] Check Pods Manifest.lock */,
				709307D222F02D8D007CB902 /* Sources */,
				709307D322F02D8D007CB902 /* Frameworks */,
				709307D422F02D8D007CB902 /* Resources */,
				F945AFCACBBB0B6CAD61C42D /* [CP] Embed Pods Frameworks */,
			);
			buildRules = (
			);
			dependencies = (
			);
			name = Avitogram;
			productName = Avitogram;
			productReference = 709307D622F02D8D007CB902 /* Avitogram.app */;
			productType = "com.apple.product-type.application";
		};
/* End PBXNativeTarget section */

/* Begin PBXProject section */
		709307CE22F02D8D007CB902 /* Project object */ = {
			isa = PBXProject;
			attributes = {
				LastSwiftUpdateCheck = 1030;
				LastUpgradeCheck = 1030;
				ORGANIZATIONNAME = "MadTeam IT Lab";
				TargetAttributes = {
					709307D522F02D8D007CB902 = {
						CreatedOnToolsVersion = 10.3;
					};
				};
			};
			buildConfigurationList = 709307D122F02D8D007CB902 /* Build configuration list for PBXProject "Avitogram" */;
			compatibilityVersion = "Xcode 9.3";
			developmentRegion = en;
			hasScannedForEncodings = 0;
			knownRegions = (
				en,
				Base,
				ru,
			);
			mainGroup = 709307CD22F02D8D007CB902;
			productRefGroup = 709307D722F02D8D007CB902 /* Products */;
			projectDirPath = "";
			projectRoot = "";
			targets = (
				709307D522F02D8D007CB902 /* Avitogram */,
			);
		};
/* End PBXProject section */

/* Begin PBXResourcesBuildPhase section */
		709307D422F02D8D007CB902 /* Resources */ = {
			isa = PBXResourcesBuildPhase;
			buildActionMask = 2147483647;
			files = (
				709307E422F02D8F007CB902 /* LaunchScreen.storyboard in Resources */,
				70F37CCC22F1D33900C5D482 /* Localizable.strings in Resources */,
				709307ED22F02DBA007CB902 /* GoogleService-Info.plist in Resources */,
				709307E122F02D8F007CB902 /* Assets.xcassets in Resources */,
			);
			runOnlyForDeploymentPostprocessing = 0;
		};
/* End PBXResourcesBuildPhase section */

/* Begin PBXShellScriptBuildPhase section */
		F69451CAE483C0D0C79E87CE /* [CP] Check Pods Manifest.lock */ = {
			isa = PBXShellScriptBuildPhase;
			buildActionMask = 2147483647;
			files = (
			);
			inputFileListPaths = (
			);
			inputPaths = (
				"${PODS_PODFILE_DIR_PATH}/Podfile.lock",
				"${PODS_ROOT}/Manifest.lock",
			);
			name = "[CP] Check Pods Manifest.lock";
			outputFileListPaths = (
			);
			outputPaths = (
				"$(DERIVED_FILE_DIR)/Pods-Avitogram-checkManifestLockResult.txt",
			);
			runOnlyForDeploymentPostprocessing = 0;
			shellPath = /bin/sh;
			shellScript = "diff \"${PODS_PODFILE_DIR_PATH}/Podfile.lock\" \"${PODS_ROOT}/Manifest.lock\" > /dev/null\nif [ $? != 0 ] ; then\n    # print error to STDERR\n    echo \"error: The sandbox is not in sync with the Podfile.lock. Run 'pod install' or update your CocoaPods installation.\" >&2\n    exit 1\nfi\n# This output is used by Xcode 'outputs' to avoid re-running this script phase.\necho \"SUCCESS\" > \"${SCRIPT_OUTPUT_FILE_0}\"\n";
			showEnvVarsInLog = 0;
		};
		F945AFCACBBB0B6CAD61C42D /* [CP] Embed Pods Frameworks */ = {
			isa = PBXShellScriptBuildPhase;
			buildActionMask = 2147483647;
			files = (
			);
			inputFileListPaths = (
				"${PODS_ROOT}/Target Support Files/Pods-Avitogram/Pods-Avitogram-frameworks-${CONFIGURATION}-input-files.xcfilelist",
			);
			name = "[CP] Embed Pods Frameworks";
			outputFileListPaths = (
				"${PODS_ROOT}/Target Support Files/Pods-Avitogram/Pods-Avitogram-frameworks-${CONFIGURATION}-output-files.xcfilelist",
			);
			runOnlyForDeploymentPostprocessing = 0;
			shellPath = /bin/sh;
			shellScript = "\"${PODS_ROOT}/Target Support Files/Pods-Avitogram/Pods-Avitogram-frameworks.sh\"\n";
			showEnvVarsInLog = 0;
		};
/* End PBXShellScriptBuildPhase section */

/* Begin PBXSourcesBuildPhase section */
		709307D222F02D8D007CB902 /* Sources */ = {
			isa = PBXSourcesBuildPhase;
			buildActionMask = 2147483647;
			files = (
				7056A25E2358A46C000CEAD7 /* PostService.swift in Sources */,
				704B23092361C9B10024C592 /* DateExtension.swift in Sources */,
				709307DA22F02D8D007CB902 /* AppDelegate.swift in Sources */,
				7056A25723588C01000CEAD7 /* Post.swift in Sources */,
				706D4B0D22F1B70E00386534 /* Navigator.swift in Sources */,
				706D4B1322F1B93500386534 /* MPRoundedButton.swift in Sources */,
				704B22FB23604CE10024C592 /* HomeView.swift in Sources */,
				7054C7F9234B7BD900C36BD3 /* Settings.swift in Sources */,
				706D4B0A22F1990500386534 /* RootApplicationService.swift in Sources */,
				704B22F9236047BB0024C592 /* AppService.swift in Sources */,
				70EFDB6123546C35007C4AED /* UIImageExtension.swift in Sources */,
				706D4B0822F198D500386534 /* GoogleApplicationService.swift in Sources */,
				704B23072361C9590024C592 /* FormatterExtension.swift in Sources */,
				706D4B0F22F1B7D400386534 /* GuestView.swift in Sources */,
				7056A2522358641A000CEAD7 /* User.swift in Sources */,
				148D4A5B57DC5D24A0844C10 /* GuestViewType.swift in Sources */,
				029906064202AD5352F3B3DE /* GuestPresenterType.swift in Sources */,
				704B22F7236036560024C592 /* BaseViewController.swift in Sources */,
				70F37CD222F1D38900C5D482 /* StringExtension.swift in Sources */,
				704B230323604EFE0024C592 /* Configurable.swift in Sources */,
				93D0F95A9B41A860C501BE42 /* GuestViewController.swift in Sources */,
				7054C7F4234B734300C36BD3 /* UITextFieldExtension.swift in Sources */,
				7056A25A23588E64000CEAD7 /* BaseProvider.swift in Sources */,
				7056A25C2358A1A5000CEAD7 /* ProvidersAssembly.swift in Sources */,
				704B230523604F1F0024C592 /* BaseTableViewCell.swift in Sources */,
				60CD004877BE1C4B3871EABF /* GuestPresenter.swift in Sources */,
				7054C7F7234B77CF00C36BD3 /* UserService.swift in Sources */,
				704B230023604EAE0024C592 /* PostCell.swift in Sources */,
				705069C7236C15B000EEB09A /* StorageService.swift in Sources */,
				7056A25523588BA1000CEAD7 /* PostProvider.swift in Sources */,
				7071211A2354B0C60014AFC3 /* ServicesAssembly.swift in Sources */,
				706D4B1622F1C38200386534 /* UIColor+Additions.swift in Sources */,
				0AF88A060B445D135E40F906 /* GuestNavigator.swift in Sources */,
				4216B7514A47D49ED09391F4 /* GuestAssembly.swift in Sources */,
				A1E2B94FFB5AA3F488E47CE1 /* HomeViewType.swift in Sources */,
				19BF729C3114790C5F9BBE1A /* HomePresenterType.swift in Sources */,
				C361F6E6996E61797E466C10 /* HomeViewController.swift in Sources */,
				03502D002BEC3D9C088BA9CF /* HomePresenter.swift in Sources */,
				704B22FD23604E3B0024C592 /* BaseView.swift in Sources */,
				BF252A0C73BDED53FA6E12E1 /* HomeNavigator.swift in Sources */,
				8EE20FEF79C9E7E9D3C72AE2 /* HomeAssembly.swift in Sources */,
			);
			runOnlyForDeploymentPostprocessing = 0;
		};
/* End PBXSourcesBuildPhase section */

/* Begin PBXVariantGroup section */
		709307E222F02D8F007CB902 /* LaunchScreen.storyboard */ = {
			isa = PBXVariantGroup;
			children = (
				709307E322F02D8F007CB902 /* Base */,
				70F37CCF22F1D35300C5D482 /* ru */,
			);
			name = LaunchScreen.storyboard;
			sourceTree = "<group>";
		};
		70F37CCE22F1D33900C5D482 /* Localizable.strings */ = {
			isa = PBXVariantGroup;
			children = (
				70F37CCD22F1D33900C5D482 /* en */,
				70F37CD022F1D35300C5D482 /* ru */,
			);
			name = Localizable.strings;
			sourceTree = "<group>";
		};
/* End PBXVariantGroup section */

/* Begin XCBuildConfiguration section */
		709307E622F02D8F007CB902 /* Debug */ = {
			isa = XCBuildConfiguration;
			buildSettings = {
				ALWAYS_SEARCH_USER_PATHS = NO;
				CLANG_ANALYZER_LOCALIZABILITY_NONLOCALIZED = YES;
				CLANG_ANALYZER_NONNULL = YES;
				CLANG_ANALYZER_NUMBER_OBJECT_CONVERSION = YES_AGGRESSIVE;
				CLANG_CXX_LANGUAGE_STANDARD = "gnu++14";
				CLANG_CXX_LIBRARY = "libc++";
				CLANG_ENABLE_MODULES = YES;
				CLANG_ENABLE_OBJC_ARC = YES;
				CLANG_ENABLE_OBJC_WEAK = YES;
				CLANG_WARN_BLOCK_CAPTURE_AUTORELEASING = YES;
				CLANG_WARN_BOOL_CONVERSION = YES;
				CLANG_WARN_COMMA = YES;
				CLANG_WARN_CONSTANT_CONVERSION = YES;
				CLANG_WARN_DEPRECATED_OBJC_IMPLEMENTATIONS = YES;
				CLANG_WARN_DIRECT_OBJC_ISA_USAGE = YES_ERROR;
				CLANG_WARN_DOCUMENTATION_COMMENTS = YES;
				CLANG_WARN_EMPTY_BODY = YES;
				CLANG_WARN_ENUM_CONVERSION = YES;
				CLANG_WARN_INFINITE_RECURSION = YES;
				CLANG_WARN_INT_CONVERSION = YES;
				CLANG_WARN_NON_LITERAL_NULL_CONVERSION = YES;
				CLANG_WARN_OBJC_IMPLICIT_RETAIN_SELF = YES;
				CLANG_WARN_OBJC_LITERAL_CONVERSION = YES;
				CLANG_WARN_OBJC_ROOT_CLASS = YES_ERROR;
				CLANG_WARN_RANGE_LOOP_ANALYSIS = YES;
				CLANG_WARN_STRICT_PROTOTYPES = YES;
				CLANG_WARN_SUSPICIOUS_MOVE = YES;
				CLANG_WARN_UNGUARDED_AVAILABILITY = YES_AGGRESSIVE;
				CLANG_WARN_UNREACHABLE_CODE = YES;
				CLANG_WARN__DUPLICATE_METHOD_MATCH = YES;
				CODE_SIGN_IDENTITY = "iPhone Developer";
				COPY_PHASE_STRIP = NO;
				DEBUG_INFORMATION_FORMAT = dwarf;
				ENABLE_STRICT_OBJC_MSGSEND = YES;
				ENABLE_TESTABILITY = YES;
				GCC_C_LANGUAGE_STANDARD = gnu11;
				GCC_DYNAMIC_NO_PIC = NO;
				GCC_NO_COMMON_BLOCKS = YES;
				GCC_OPTIMIZATION_LEVEL = 0;
				GCC_PREPROCESSOR_DEFINITIONS = (
					"DEBUG=1",
					"$(inherited)",
				);
				GCC_WARN_64_TO_32_BIT_CONVERSION = YES;
				GCC_WARN_ABOUT_RETURN_TYPE = YES_ERROR;
				GCC_WARN_UNDECLARED_SELECTOR = YES;
				GCC_WARN_UNINITIALIZED_AUTOS = YES_AGGRESSIVE;
				GCC_WARN_UNUSED_FUNCTION = YES;
				GCC_WARN_UNUSED_VARIABLE = YES;
				IPHONEOS_DEPLOYMENT_TARGET = 12.4;
				MTL_ENABLE_DEBUG_INFO = INCLUDE_SOURCE;
				MTL_FAST_MATH = YES;
				ONLY_ACTIVE_ARCH = YES;
				SDKROOT = iphoneos;
				SWIFT_ACTIVE_COMPILATION_CONDITIONS = DEBUG;
				SWIFT_OPTIMIZATION_LEVEL = "-Onone";
			};
			name = Debug;
		};
		709307E722F02D8F007CB902 /* Release */ = {
			isa = XCBuildConfiguration;
			buildSettings = {
				ALWAYS_SEARCH_USER_PATHS = NO;
				CLANG_ANALYZER_LOCALIZABILITY_NONLOCALIZED = YES;
				CLANG_ANALYZER_NONNULL = YES;
				CLANG_ANALYZER_NUMBER_OBJECT_CONVERSION = YES_AGGRESSIVE;
				CLANG_CXX_LANGUAGE_STANDARD = "gnu++14";
				CLANG_CXX_LIBRARY = "libc++";
				CLANG_ENABLE_MODULES = YES;
				CLANG_ENABLE_OBJC_ARC = YES;
				CLANG_ENABLE_OBJC_WEAK = YES;
				CLANG_WARN_BLOCK_CAPTURE_AUTORELEASING = YES;
				CLANG_WARN_BOOL_CONVERSION = YES;
				CLANG_WARN_COMMA = YES;
				CLANG_WARN_CONSTANT_CONVERSION = YES;
				CLANG_WARN_DEPRECATED_OBJC_IMPLEMENTATIONS = YES;
				CLANG_WARN_DIRECT_OBJC_ISA_USAGE = YES_ERROR;
				CLANG_WARN_DOCUMENTATION_COMMENTS = YES;
				CLANG_WARN_EMPTY_BODY = YES;
				CLANG_WARN_ENUM_CONVERSION = YES;
				CLANG_WARN_INFINITE_RECURSION = YES;
				CLANG_WARN_INT_CONVERSION = YES;
				CLANG_WARN_NON_LITERAL_NULL_CONVERSION = YES;
				CLANG_WARN_OBJC_IMPLICIT_RETAIN_SELF = YES;
				CLANG_WARN_OBJC_LITERAL_CONVERSION = YES;
				CLANG_WARN_OBJC_ROOT_CLASS = YES_ERROR;
				CLANG_WARN_RANGE_LOOP_ANALYSIS = YES;
				CLANG_WARN_STRICT_PROTOTYPES = YES;
				CLANG_WARN_SUSPICIOUS_MOVE = YES;
				CLANG_WARN_UNGUARDED_AVAILABILITY = YES_AGGRESSIVE;
				CLANG_WARN_UNREACHABLE_CODE = YES;
				CLANG_WARN__DUPLICATE_METHOD_MATCH = YES;
				CODE_SIGN_IDENTITY = "iPhone Developer";
				COPY_PHASE_STRIP = NO;
				DEBUG_INFORMATION_FORMAT = "dwarf-with-dsym";
				ENABLE_NS_ASSERTIONS = NO;
				ENABLE_STRICT_OBJC_MSGSEND = YES;
				GCC_C_LANGUAGE_STANDARD = gnu11;
				GCC_NO_COMMON_BLOCKS = YES;
				GCC_WARN_64_TO_32_BIT_CONVERSION = YES;
				GCC_WARN_ABOUT_RETURN_TYPE = YES_ERROR;
				GCC_WARN_UNDECLARED_SELECTOR = YES;
				GCC_WARN_UNINITIALIZED_AUTOS = YES_AGGRESSIVE;
				GCC_WARN_UNUSED_FUNCTION = YES;
				GCC_WARN_UNUSED_VARIABLE = YES;
				IPHONEOS_DEPLOYMENT_TARGET = 12.4;
				MTL_ENABLE_DEBUG_INFO = NO;
				MTL_FAST_MATH = YES;
				SDKROOT = iphoneos;
				SWIFT_COMPILATION_MODE = wholemodule;
				SWIFT_OPTIMIZATION_LEVEL = "-O";
				VALIDATE_PRODUCT = YES;
			};
			name = Release;
		};
		709307E922F02D8F007CB902 /* Debug */ = {
			isa = XCBuildConfiguration;
			baseConfigurationReference = E97151C0118D66931227CFDF /* Pods-Avitogram.debug.xcconfig */;
			buildSettings = {
				ASSETCATALOG_COMPILER_APPICON_NAME = AppIcon;
				CODE_SIGN_STYLE = Automatic;
				DEVELOPMENT_TEAM = UWHVU66XP2;
				INFOPLIST_FILE = "$(SRCROOT)/Avitogram/Source/Application/Info.plist";
				IPHONEOS_DEPLOYMENT_TARGET = 11.0;
				LD_RUNPATH_SEARCH_PATHS = (
					"$(inherited)",
					"@executable_path/Frameworks",
				);
				PRODUCT_BUNDLE_IDENTIFIER = com.mpetrenko.avitogram;
				PRODUCT_NAME = "$(TARGET_NAME)";
				SWIFT_VERSION = 5.0;
				TARGETED_DEVICE_FAMILY = 1;
			};
			name = Debug;
		};
		709307EA22F02D8F007CB902 /* Release */ = {
			isa = XCBuildConfiguration;
			baseConfigurationReference = 32721E6679C119FE86C7A20C /* Pods-Avitogram.release.xcconfig */;
			buildSettings = {
				ASSETCATALOG_COMPILER_APPICON_NAME = AppIcon;
				CODE_SIGN_STYLE = Automatic;
				DEVELOPMENT_TEAM = UWHVU66XP2;
				INFOPLIST_FILE = "$(SRCROOT)/Avitogram/Source/Application/Info.plist";
				IPHONEOS_DEPLOYMENT_TARGET = 11.0;
				LD_RUNPATH_SEARCH_PATHS = (
					"$(inherited)",
					"@executable_path/Frameworks",
				);
				PRODUCT_BUNDLE_IDENTIFIER = com.mpetrenko.avitogram;
				PRODUCT_NAME = "$(TARGET_NAME)";
				SWIFT_VERSION = 5.0;
				TARGETED_DEVICE_FAMILY = 1;
			};
			name = Release;
		};
/* End XCBuildConfiguration section */

/* Begin XCConfigurationList section */
		709307D122F02D8D007CB902 /* Build configuration list for PBXProject "Avitogram" */ = {
			isa = XCConfigurationList;
			buildConfigurations = (
				709307E622F02D8F007CB902 /* Debug */,
				709307E722F02D8F007CB902 /* Release */,
			);
			defaultConfigurationIsVisible = 0;
			defaultConfigurationName = Release;
		};
		709307E822F02D8F007CB902 /* Build configuration list for PBXNativeTarget "Avitogram" */ = {
			isa = XCConfigurationList;
			buildConfigurations = (
				709307E922F02D8F007CB902 /* Debug */,
				709307EA22F02D8F007CB902 /* Release */,
			);
			defaultConfigurationIsVisible = 0;
			defaultConfigurationName = Release;
		};
/* End XCConfigurationList section */
	};
	rootObject = 709307CE22F02D8D007CB902 /* Project object */;
}
